// !$*UTF8*$!
{
	archiveVersion = 1;
	classes = {
	};
	objectVersion = 46;
	objects = {

/* Begin PBXBuildFile section */
		239010431B73C5C800D8ECDA /* main.m in Sources */ = {isa = PBXBuildFile; fileRef = 239010421B73C5C800D8ECDA /* main.m */; };
		239010461B73C5C800D8ECDA /* AppDelegate.m in Sources */ = {isa = PBXBuildFile; fileRef = 239010451B73C5C800D8ECDA /* AppDelegate.m */; };
		239010491B73C5C800D8ECDA /* ViewController.m in Sources */ = {isa = PBXBuildFile; fileRef = 239010481B73C5C800D8ECDA /* ViewController.m */; };
		2390104C1B73C5C800D8ECDA /* Main.storyboard in Resources */ = {isa = PBXBuildFile; fileRef = 2390104A1B73C5C800D8ECDA /* Main.storyboard */; };
		2390104E1B73C5C800D8ECDA /* Images.xcassets in Resources */ = {isa = PBXBuildFile; fileRef = 2390104D1B73C5C800D8ECDA /* Images.xcassets */; };
		239010511B73C5C800D8ECDA /* LaunchScreen.xib in Resources */ = {isa = PBXBuildFile; fileRef = 2390104F1B73C5C800D8ECDA /* LaunchScreen.xib */; };
		2390105D1B73C5C800D8ECDA /* PeapsTests.m in Sources */ = {isa = PBXBuildFile; fileRef = 2390105C1B73C5C800D8ECDA /* PeapsTests.m */; };
/* End PBXBuildFile section */

/* Begin PBXContainerItemProxy section */
		239010571B73C5C800D8ECDA /* PBXContainerItemProxy */ = {
			isa = PBXContainerItemProxy;
			containerPortal = 239010351B73C5C700D8ECDA /* Project object */;
			proxyType = 1;
			remoteGlobalIDString = 2390103C1B73C5C700D8ECDA;
			remoteInfo = Peaps;
		};
/* End PBXContainerItemProxy section */

/* Begin PBXFileReference section */
		2390103D1B73C5C700D8ECDA /* Peaps.app */ = {isa = PBXFileReference; explicitFileType = wrapper.application; includeInIndex = 0; path = Peaps.app; sourceTree = BUILT_PRODUCTS_DIR; };
		239010411B73C5C700D8ECDA /* Info.plist */ = {isa = PBXFileReference; lastKnownFileType = text.plist.xml; path = Info.plist; sourceTree = "<group>"; };
		239010421B73C5C800D8ECDA /* main.m */ = {isa = PBXFileReference; lastKnownFileType = sourcecode.c.objc; path = main.m; sourceTree = "<group>"; };
		239010441B73C5C800D8ECDA /* AppDelegate.h */ = {isa = PBXFileReference; lastKnownFileType = sourcecode.c.h; path = AppDelegate.h; sourceTree = "<group>"; };
		239010451B73C5C800D8ECDA /* AppDelegate.m */ = {isa = PBXFileReference; lastKnownFileType = sourcecode.c.objc; path = AppDelegate.m; sourceTree = "<group>"; };
		239010471B73C5C800D8ECDA /* ViewController.h */ = {isa = PBXFileReference; lastKnownFileType = sourcecode.c.h; path = ViewController.h; sourceTree = "<group>"; };
		239010481B73C5C800D8ECDA /* ViewController.m */ = {isa = PBXFileReference; lastKnownFileType = sourcecode.c.objc; path = ViewController.m; sourceTree = "<group>"; };
		2390104B1B73C5C800D8ECDA /* Base */ = {isa = PBXFileReference; lastKnownFileType = file.storyboard; name = Base; path = Base.lproj/Main.storyboard; sourceTree = "<group>"; };
		2390104D1B73C5C800D8ECDA /* Images.xcassets */ = {isa = PBXFileReference; lastKnownFileType = folder.assetcatalog; path = Images.xcassets; sourceTree = "<group>"; };
		239010501B73C5C800D8ECDA /* Base */ = {isa = PBXFileReference; lastKnownFileType = file.xib; name = Base; path = Base.lproj/LaunchScreen.xib; sourceTree = "<group>"; };
		239010561B73C5C800D8ECDA /* PeapsTests.xctest */ = {isa = PBXFileReference; explicitFileType = wrapper.cfbundle; includeInIndex = 0; path = PeapsTests.xctest; sourceTree = BUILT_PRODUCTS_DIR; };
		2390105B1B73C5C800D8ECDA /* Info.plist */ = {isa = PBXFileReference; lastKnownFileType = text.plist.xml; path = Info.plist; sourceTree = "<group>"; };
		2390105C1B73C5C800D8ECDA /* PeapsTests.m */ = {isa = PBXFileReference; lastKnownFileType = sourcecode.c.objc; path = PeapsTests.m; sourceTree = "<group>"; };
/* End PBXFileReference section */

/* Begin PBXFrameworksBuildPhase section */
		2390103A1B73C5C700D8ECDA /* Frameworks */ = {
			isa = PBXFrameworksBuildPhase;
			buildActionMask = 2147483647;
			files = (
			);
			runOnlyForDeploymentPostprocessing = 0;
		};
		239010531B73C5C800D8ECDA /* Frameworks */ = {
			isa = PBXFrameworksBuildPhase;
			buildActionMask = 2147483647;
			files = (
			);
			runOnlyForDeploymentPostprocessing = 0;
		};
/* End PBXFrameworksBuildPhase section */

/* Begin PBXGroup section */
		239010341B73C5C700D8ECDA = {
			isa = PBXGroup;
			children = (
				2390103F1B73C5C700D8ECDA /* Peaps */,
				239010591B73C5C800D8ECDA /* PeapsTests */,
				2390103E1B73C5C700D8ECDA /* Products */,
			);
			sourceTree = "<group>";
		};
		2390103E1B73C5C700D8ECDA /* Products */ = {
			isa = PBXGroup;
			children = (
				2390103D1B73C5C700D8ECDA /* Peaps.app */,
				239010561B73C5C800D8ECDA /* PeapsTests.xctest */,
			);
			name = Products;
			sourceTree = "<group>";
		};
		2390103F1B73C5C700D8ECDA /* Peaps */ = {
			isa = PBXGroup;
			children = (
				239010441B73C5C800D8ECDA /* AppDelegate.h */,
				239010451B73C5C800D8ECDA /* AppDelegate.m */,
				239010471B73C5C800D8ECDA /* ViewController.h */,
				239010481B73C5C800D8ECDA /* ViewController.m */,
				2390104A1B73C5C800D8ECDA /* Main.storyboard */,
				2390104D1B73C5C800D8ECDA /* Images.xcassets */,
				2390104F1B73C5C800D8ECDA /* LaunchScreen.xib */,
				239010401B73C5C700D8ECDA /* Supporting Files */,
			);
			path = Peaps;
			sourceTree = "<group>";
		};
		239010401B73C5C700D8ECDA /* Supporting Files */ = {
			isa = PBXGroup;
			children = (
				239010411B73C5C700D8ECDA /* Info.plist */,
				239010421B73C5C800D8ECDA /* main.m */,
			);
			name = "Supporting Files";
			sourceTree = "<group>";
		};
		239010591B73C5C800D8ECDA /* PeapsTests */ = {
			isa = PBXGroup;
			children = (
				2390105C1B73C5C800D8ECDA /* PeapsTests.m */,
				2390105A1B73C5C800D8ECDA /* Supporting Files */,
			);
			path = PeapsTests;
			sourceTree = "<group>";
		};
		2390105A1B73C5C800D8ECDA /* Supporting Files */ = {
			isa = PBXGroup;
			children = (
				2390105B1B73C5C800D8ECDA /* Info.plist */,
			);
			name = "Supporting Files";
			sourceTree = "<group>";
		};
/* End PBXGroup section */

/* Begin PBXNativeTarget section */
		2390103C1B73C5C700D8ECDA /* Peaps */ = {
			isa = PBXNativeTarget;
			buildConfigurationList = 239010601B73C5C800D8ECDA /* Build configuration list for PBXNativeTarget "Peaps" */;
			buildPhases = (
				239010391B73C5C700D8ECDA /* Sources */,
				2390103A1B73C5C700D8ECDA /* Frameworks */,
				2390103B1B73C5C700D8ECDA /* Resources */,
			);
			buildRules = (
			);
			dependencies = (
			);
			name = Peaps;
			productName = Peaps;
			productReference = 2390103D1B73C5C700D8ECDA /* Peaps.app */;
			productType = "com.apple.product-type.application";
		};
		239010551B73C5C800D8ECDA /* PeapsTests */ = {
			isa = PBXNativeTarget;
			buildConfigurationList = 239010631B73C5C800D8ECDA /* Build configuration list for PBXNativeTarget "PeapsTests" */;
			buildPhases = (
				239010521B73C5C800D8ECDA /* Sources */,
				239010531B73C5C800D8ECDA /* Frameworks */,
				239010541B73C5C800D8ECDA /* Resources */,
			);
			buildRules = (
			);
			dependencies = (
				239010581B73C5C800D8ECDA /* PBXTargetDependency */,
			);
			name = PeapsTests;
			productName = PeapsTests;
			productReference = 239010561B73C5C800D8ECDA /* PeapsTests.xctest */;
			productType = "com.apple.product-type.bundle.unit-test";
		};
/* End PBXNativeTarget section */

/* Begin PBXProject section */
		239010351B73C5C700D8ECDA /* Project object */ = {
			isa = PBXProject;
			attributes = {
				LastUpgradeCheck = 0610;
				ORGANIZATIONNAME = Dharmbir;
				TargetAttributes = {
					2390103C1B73C5C700D8ECDA = {
						CreatedOnToolsVersion = 6.1.1;
					};
					239010551B73C5C800D8ECDA = {
						CreatedOnToolsVersion = 6.1.1;
						TestTargetID = 2390103C1B73C5C700D8ECDA;
					};
				};
			};
			buildConfigurationList = 239010381B73C5C700D8ECDA /* Build configuration list for PBXProject "Peaps" */;
			compatibilityVersion = "Xcode 3.2";
			developmentRegion = English;
			hasScannedForEncodings = 0;
			knownRegions = (
				en,
				Base,
			);
			mainGroup = 239010341B73C5C700D8ECDA;
			productRefGroup = 2390103E1B73C5C700D8ECDA /* Products */;
			projectDirPath = "";
			projectRoot = "";
			targets = (
				2390103C1B73C5C700D8ECDA /* Peaps */,
				239010551B73C5C800D8ECDA /* PeapsTests */,
			);
		};
/* End PBXProject section */

/* Begin PBXResourcesBuildPhase section */
		2390103B1B73C5C700D8ECDA /* Resources */ = {
			isa = PBXResourcesBuildPhase;
			buildActionMask = 2147483647;
			files = (
				2390104C1B73C5C800D8ECDA /* Main.storyboard in Resources */,
				239010511B73C5C800D8ECDA /* LaunchScreen.xib in Resources */,
				2390104E1B73C5C800D8ECDA /* Images.xcassets in Resources */,
			);
			runOnlyForDeploymentPostprocessing = 0;
		};
		239010541B73C5C800D8ECDA /* Resources */ = {
			isa = PBXResourcesBuildPhase;
			buildActionMask = 2147483647;
			files = (
			);
			runOnlyForDeploymentPostprocessing = 0;
		};
/* End PBXResourcesBuildPhase section */

/* Begin PBXSourcesBuildPhase section */
		239010391B73C5C700D8ECDA /* Sources */ = {
			isa = PBXSourcesBuildPhase;
			buildActionMask = 2147483647;
			files = (
				239010491B73C5C800D8ECDA /* ViewController.m in Sources */,
				239010461B73C5C800D8ECDA /* AppDelegate.m in Sources */,
				239010431B73C5C800D8ECDA /* main.m in Sources */,
			);
			runOnlyForDeploymentPostprocessing = 0;
		};
		239010521B73C5C800D8ECDA /* Sources */ = {
			isa = PBXSourcesBuildPhase;
			buildActionMask = 2147483647;
			files = (
				2390105D1B73C5C800D8ECDA /* PeapsTests.m in Sources */,
			);
			runOnlyForDeploymentPostprocessing = 0;
		};
/* End PBXSourcesBuildPhase section */

/* Begin PBXTargetDependency section */
		239010581B73C5C800D8ECDA /* PBXTargetDependency */ = {
			isa = PBXTargetDependency;
			target = 2390103C1B73C5C700D8ECDA /* Peaps */;
			targetProxy = 239010571B73C5C800D8ECDA /* PBXContainerItemProxy */;
		};
/* End PBXTargetDependency section */

/* Begin PBXVariantGroup section */
		2390104A1B73C5C800D8ECDA /* Main.storyboard */ = {
			isa = PBXVariantGroup;
			children = (
				2390104B1B73C5C800D8ECDA /* Base */,
			);
			name = Main.storyboard;
			sourceTree = "<group>";
		};
		2390104F1B73C5C800D8ECDA /* LaunchScreen.xib */ = {
			isa = PBXVariantGroup;
			children = (
				239010501B73C5C800D8ECDA /* Base */,
			);
			name = LaunchScreen.xib;
			sourceTree = "<group>";
		};
/* End PBXVariantGroup section */

/* Begin XCBuildConfiguration section */
		2390105E1B73C5C800D8ECDA /* Debug */ = {
			isa = XCBuildConfiguration;
			buildSettings = {
				ALWAYS_SEARCH_USER_PATHS = NO;
				CLANG_CXX_LANGUAGE_STANDARD = "gnu++0x";
				CLANG_CXX_LIBRARY = "libc++";
				CLANG_ENABLE_MODULES = YES;
				CLANG_ENABLE_OBJC_ARC = YES;
				CLANG_WARN_BOOL_CONVERSION = YES;
				CLANG_WARN_CONSTANT_CONVERSION = YES;
				CLANG_WARN_DIRECT_OBJC_ISA_USAGE = YES_ERROR;
				CLANG_WARN_EMPTY_BODY = YES;
				CLANG_WARN_ENUM_CONVERSION = YES;
				CLANG_WARN_INT_CONVERSION = YES;
				CLANG_WARN_OBJC_ROOT_CLASS = YES_ERROR;
				CLANG_WARN_UNREACHABLE_CODE = YES;
				CLANG_WARN__DUPLICATE_METHOD_MATCH = YES;
				"CODE_SIGN_IDENTITY[sdk=iphoneos*]" = "iPhone Developer";
				COPY_PHASE_STRIP = NO;
				ENABLE_STRICT_OBJC_MSGSEND = YES;
				GCC_C_LANGUAGE_STANDARD = gnu99;
				GCC_DYNAMIC_NO_PIC = NO;
				GCC_OPTIMIZATION_LEVEL = 0;
				GCC_PREPROCESSOR_DEFINITIONS = (
					"DEBUG=1",
					"$(inherited)",
				);
				GCC_SYMBOLS_PRIVATE_EXTERN = NO;
				GCC_WARN_64_TO_32_BIT_CONVERSION = YES;
				GCC_WARN_ABOUT_RETURN_TYPE = YES_ERROR;
				GCC_WARN_UNDECLARED_SELECTOR = YES;
				GCC_WARN_UNINITIALIZED_AUTOS = YES_AGGRESSIVE;
				GCC_WARN_UNUSED_FUNCTION = YES;
				GCC_WARN_UNUSED_VARIABLE = YES;
				IPHONEOS_DEPLOYMENT_TARGET = 8.1;
				MTL_ENABLE_DEBUG_INFO = YES;
				ONLY_ACTIVE_ARCH = YES;
				SDKROOT = iphoneos;
			};
			name = Debug;
		};
		2390105F1B73C5C800D8ECDA /* Release */ = {
			isa = XCBuildConfiguration;
			buildSettings = {
				ALWAYS_SEARCH_USER_PATHS = NO;
				CLANG_CXX_LANGUAGE_STANDARD = "gnu++0x";
				CLANG_CXX_LIBRARY = "libc++";
				CLANG_ENABLE_MODULES = YES;
				CLANG_ENABLE_OBJC_ARC = YES;
				CLANG_WARN_BOOL_CONVERSION = YES;
				CLANG_WARN_CONSTANT_CONVERSION = YES;
				CLANG_WARN_DIRECT_OBJC_ISA_USAGE = YES_ERROR;
				CLANG_WARN_EMPTY_BODY = YES;
				CLANG_WARN_ENUM_CONVERSION = YES;
				CLANG_WARN_INT_CONVERSION = YES;
				CLANG_WARN_OBJC_ROOT_CLASS = YES_ERROR;
				CLANG_WARN_UNREACHABLE_CODE = YES;
				CLANG_WARN__DUPLICATE_METHOD_MATCH = YES;
				"CODE_SIGN_IDENTITY[sdk=iphoneos*]" = "iPhone Developer";
				COPY_PHASE_STRIP = YES;
				ENABLE_NS_ASSERTIONS = NO;
				ENABLE_STRICT_OBJC_MSGSEND = YES;
				GCC_C_LANGUAGE_STANDARD = gnu99;
				GCC_WARN_64_TO_32_BIT_CONVERSION = YES;
				GCC_WARN_ABOUT_RETURN_TYPE = YES_ERROR;
				GCC_WARN_UNDECLARED_SELECTOR = YES;
				GCC_WARN_UNINITIALIZED_AUTOS = YES_AGGRESSIVE;
				GCC_WARN_UNUSED_FUNCTION = YES;
				GCC_WARN_UNUSED_VARIABLE = YES;
				IPHONEOS_DEPLOYMENT_TARGET = 8.1;
				MTL_ENABLE_DEBUG_INFO = NO;
				SDKROOT = iphoneos;
				VALIDATE_PRODUCT = YES;
			};
			name = Release;
		};
		239010611B73C5C800D8ECDA /* Debug */ = {
			isa = XCBuildConfiguration;
			buildSettings = {
				ASSETCATALOG_COMPILER_APPICON_NAME = AppIcon;
				INFOPLIST_FILE = Peaps/Info.plist;
				LD_RUNPATH_SEARCH_PATHS = "$(inherited) @executable_path/Frameworks";
				PRODUCT_NAME = "$(TARGET_NAME)";
			};
			name = Debug;
		};
		239010621B73C5C800D8ECDA /* Release */ = {
			isa = XCBuildConfiguration;
			buildSettings = {
				ASSETCATALOG_COMPILER_APPICON_NAME = AppIcon;
				INFOPLIST_FILE = Peaps/Info.plist;
				LD_RUNPATH_SEARCH_PATHS = "$(inherited) @executable_path/Frameworks";
				PRODUCT_NAME = "$(TARGET_NAME)";
			};
			name = Release;
		};
		239010641B73C5C800D8ECDA /* Debug */ = {
			isa = XCBuildConfiguration;
			buildSettings = {
				BUNDLE_LOADER = "$(TEST_HOST)";
				FRAMEWORK_SEARCH_PATHS = (
					"$(SDKROOT)/Developer/Library/Frameworks",
					"$(inherited)",
				);
				GCC_PREPROCESSOR_DEFINITIONS = (
					"DEBUG=1",
					"$(inherited)",
				);
				INFOPLIST_FILE = PeapsTests/Info.plist;
				LD_RUNPATH_SEARCH_PATHS = "$(inherited) @executable_path/Frameworks @loader_path/Frameworks";
				PRODUCT_NAME = "$(TARGET_NAME)";
				TEST_HOST = "$(BUILT_PRODUCTS_DIR)/Peaps.app/Peaps";
			};
			name = Debug;
		};
		239010651B73C5C800D8ECDA /* Release */ = {
			isa = XCBuildConfiguration;
			buildSettings = {
				BUNDLE_LOADER = "$(TEST_HOST)";
				FRAMEWORK_SEARCH_PATHS = (
					"$(SDKROOT)/Developer/Library/Frameworks",
					"$(inherited)",
				);
				INFOPLIST_FILE = PeapsTests/Info.plist;
				LD_RUNPATH_SEARCH_PATHS = "$(inherited) @executable_path/Frameworks @loader_path/Frameworks";
				PRODUCT_NAME = "$(TARGET_NAME)";
				TEST_HOST = "$(BUILT_PRODUCTS_DIR)/Peaps.app/Peaps";
			};
			name = Release;
		};
/* End XCBuildConfiguration section */

/* Begin XCConfigurationList section */
		239010381B73C5C700D8ECDA /* Build configuration list for PBXProject "Peaps" */ = {
			isa = XCConfigurationList;
			buildConfigurations = (
				2390105E1B73C5C800D8ECDA /* Debug */,
				2390105F1B73C5C800D8ECDA /* Release */,
			);
			defaultConfigurationIsVisible = 0;
			defaultConfigurationName = Release;
		};
		239010601B73C5C800D8ECDA /* Build configuration list for PBXNativeTarget "Peaps" */ = {
			isa = XCConfigurationList;
			buildConfigurations = (
				239010611B73C5C800D8ECDA /* Debug */,
				239010621B73C5C800D8ECDA /* Release */,
			);
			defaultConfigurationIsVisible = 0;
		};
		239010631B73C5C800D8ECDA /* Build configuration list for PBXNativeTarget "PeapsTests" */ = {
			isa = XCConfigurationList;
			buildConfigurations = (
				239010641B73C5C800D8ECDA /* Debug */,
				239010651B73C5C800D8ECDA /* Release */,
			);
			defaultConfigurationIsVisible = 0;
		};
/* End XCConfigurationList section */
	};
	rootObject = 239010351B73C5C700D8ECDA /* Project object */;
}
